// !$*UTF8*$!
{
	archiveVersion = 1;
	classes = {
	};
	objectVersion = 46;
	objects = {

/* Begin PBXBuildFile section */
		DDF06AB71EB42BC70062F343 /* AppDelegate.swift in Sources */ = {isa = PBXBuildFile; fileRef = DDF06AB61EB42BC70062F343 /* AppDelegate.swift */; };
		DDF06AB91EB42BC70062F343 /* Assets.xcassets in Resources */ = {isa = PBXBuildFile; fileRef = DDF06AB81EB42BC70062F343 /* Assets.xcassets */; };
		DDF06ABC1EB42BC80062F343 /* MainMenu.xib in Resources */ = {isa = PBXBuildFile; fileRef = DDF06ABA1EB42BC80062F343 /* MainMenu.xib */; };
/* End PBXBuildFile section */

/* Begin PBXFileReference section */
		DDF06AB31EB42BC70062F343 /* Selfigramm_server.app */ = {isa = PBXFileReference; explicitFileType = wrapper.application; includeInIndex = 0; path = Selfigramm_server.app; sourceTree = BUILT_PRODUCTS_DIR; };
		DDF06AB61EB42BC70062F343 /* AppDelegate.swift */ = {isa = PBXFileReference; lastKnownFileType = sourcecode.swift; path = AppDelegate.swift; sourceTree = "<group>"; };
		DDF06AB81EB42BC70062F343 /* Assets.xcassets */ = {isa = PBXFileReference; lastKnownFileType = folder.assetcatalog; path = Assets.xcassets; sourceTree = "<group>"; };
		DDF06ABB1EB42BC80062F343 /* Base */ = {isa = PBXFileReference; lastKnownFileType = file.xib; name = Base; path = Base.lproj/MainMenu.xib; sourceTree = "<group>"; };
		DDF06ABD1EB42BC80062F343 /* Info.plist */ = {isa = PBXFileReference; lastKnownFileType = text.plist.xml; path = Info.plist; sourceTree = "<group>"; };
/* End PBXFileReference section */

/* Begin PBXFrameworksBuildPhase section */
		DDF06AB01EB42BC70062F343 /* Frameworks */ = {
			isa = PBXFrameworksBuildPhase;
			buildActionMask = 2147483647;
			files = (
			);
			runOnlyForDeploymentPostprocessing = 0;
		};
/* End PBXFrameworksBuildPhase section */

/* Begin PBXGroup section */
		DDF06AAA1EB42BC70062F343 = {
			isa = PBXGroup;
			children = (
				DDF06AB51EB42BC70062F343 /* Selfigramm_server */,
				DDF06AB41EB42BC70062F343 /* Products */,
			);
			sourceTree = "<group>";
		};
		DDF06AB41EB42BC70062F343 /* Products */ = {
			isa = PBXGroup;
			children = (
				DDF06AB31EB42BC70062F343 /* Selfigramm_server.app */,
			);
			name = Products;
			sourceTree = "<group>";
		};
		DDF06AB51EB42BC70062F343 /* Selfigramm_server */ = {
			isa = PBXGroup;
			children = (
				DDF06AB61EB42BC70062F343 /* AppDelegate.swift */,
				DDF06AB81EB42BC70062F343 /* Assets.xcassets */,
				DDF06ABA1EB42BC80062F343 /* MainMenu.xib */,
				DDF06ABD1EB42BC80062F343 /* Info.plist */,
			);
			path = Selfigramm_server;
			sourceTree = "<group>";
		};
/* End PBXGroup section */

/* Begin PBXNativeTarget section */
		DDF06AB21EB42BC70062F343 /* Selfigramm_server */ = {
			isa = PBXNativeTarget;
			buildConfigurationList = DDF06AC01EB42BC80062F343 /* Build configuration list for PBXNativeTarget "Selfigramm_server" */;
			buildPhases = (
				DDF06AAF1EB42BC70062F343 /* Sources */,
				DDF06AB01EB42BC70062F343 /* Frameworks */,
				DDF06AB11EB42BC70062F343 /* Resources */,
			);
			buildRules = (
			);
			dependencies = (
			);
			name = Selfigramm_server;
			productName = Selfigramm_server;
			productReference = DDF06AB31EB42BC70062F343 /* Selfigramm_server.app */;
			productType = "com.apple.product-type.application";
		};
/* End PBXNativeTarget section */

/* Begin PBXProject section */
		DDF06AAB1EB42BC70062F343 /* Project object */ = {
			isa = PBXProject;
			attributes = {
				LastSwiftUpdateCheck = 0820;
				LastUpgradeCheck = 0820;
				ORGANIZATIONNAME = "Arts Corp";
				TargetAttributes = {
					DDF06AB21EB42BC70062F343 = {
						CreatedOnToolsVersion = 8.2.1;
						DevelopmentTeam = GHZCTHXK8S;
						ProvisioningStyle = Automatic;
					};
				};
			};
			buildConfigurationList = DDF06AAE1EB42BC70062F343 /* Build configuration list for PBXProject "Selfigramm_server" */;
			compatibilityVersion = "Xcode 3.2";
			developmentRegion = English;
			hasScannedForEncodings = 0;
			knownRegions = (
				en,
				Base,
			);
			mainGroup = DDF06AAA1EB42BC70062F343;
			productRefGroup = DDF06AB41EB42BC70062F343 /* Products */;
			projectDirPath = "";
			projectRoot = "";
			targets = (
				DDF06AB21EB42BC70062F343 /* Selfigramm_server */,
			);
		};
/* End PBXProject section */

/* Begin PBXResourcesBuildPhase section */
		DDF06AB11EB42BC70062F343 /* Resources */ = {
			isa = PBXResourcesBuildPhase;
			buildActionMask = 2147483647;
			files = (
				DDF06AB91EB42BC70062F343 /* Assets.xcassets in Resources */,
				DDF06ABC1EB42BC80062F343 /* MainMenu.xib in Resources */,
			);
			runOnlyForDeploymentPostprocessing = 0;
		};
/* End PBXResourcesBuildPhase section */

/* Begin PBXSourcesBuildPhase section */
		DDF06AAF1EB42BC70062F343 /* Sources */ = {
			isa = PBXSourcesBuildPhase;
			buildActionMask = 2147483647;
			files = (
				DDF06AB71EB42BC70062F343 /* AppDelegate.swift in Sources */,
			);
			runOnlyForDeploymentPostprocessing = 0;
		};
/* End PBXSourcesBuildPhase section */

/* Begin PBXVariantGroup section */
		DDF06ABA1EB42BC80062F343 /* MainMenu.xib */ = {
			isa = PBXVariantGroup;
			children = (
				DDF06ABB1EB42BC80062F343 /* Base */,
			);
			name = MainMenu.xib;
			sourceTree = "<group>";
		};
/* End PBXVariantGroup section */

/* Begin XCBuildConfiguration section */
		DDF06ABE1EB42BC80062F343 /* Debug */ = {
			isa = XCBuildConfiguration;
			buildSettings = {
				ALWAYS_SEARCH_USER_PATHS = NO;
				CLANG_ANALYZER_NONNULL = YES;
				CLANG_CXX_LANGUAGE_STANDARD = "gnu++0x";
				CLANG_CXX_LIBRARY = "libc++";
				CLANG_ENABLE_MODULES = YES;
				CLANG_ENABLE_OBJC_ARC = YES;
				CLANG_WARN_BOOL_CONVERSION = YES;
				CLANG_WARN_CONSTANT_CONVERSION = YES;
				CLANG_WARN_DIRECT_OBJC_ISA_USAGE = YES_ERROR;
				CLANG_WARN_DOCUMENTATION_COMMENTS = YES;
				CLANG_WARN_EMPTY_BODY = YES;
				CLANG_WARN_ENUM_CONVERSION = YES;
				CLANG_WARN_INFINITE_RECURSION = YES;
				CLANG_WARN_INT_CONVERSION = YES;
				CLANG_WARN_OBJC_ROOT_CLASS = YES_ERROR;
				CLANG_WARN_SUSPICIOUS_MOVE = YES;
				CLANG_WARN_UNREACHABLE_CODE = YES;
				CLANG_WARN__DUPLICATE_METHOD_MATCH = YES;
				CODE_SIGN_IDENTITY = "-";
				COPY_PHASE_STRIP = NO;
				DEBUG_INFORMATION_FORMAT = dwarf;
				ENABLE_STRICT_OBJC_MSGSEND = YES;
				ENABLE_TESTABILITY = YES;
				GCC_C_LANGUAGE_STANDARD = gnu99;
				GCC_DYNAMIC_NO_PIC = NO;
				GCC_NO_COMMON_BLOCKS = YES;
				GCC_OPTIMIZATION_LEVEL = 0;
				GCC_PREPROCESSOR_DEFINITIONS = (
					"DEBUG=1",
					"$(inherited)",
				);
				GCC_WARN_64_TO_32_BIT_CONVERSION = YES;
				GCC_WARN_ABOUT_RETURN_TYPE = YES_ERROR;
				GCC_WARN_UNDECLARED_SELECTOR = YES;
				GCC_WARN_UNINITIALIZED_AUTOS = YES_AGGRESSIVE;
				GCC_WARN_UNUSED_FUNCTION = YES;
				GCC_WARN_UNUSED_VARIABLE = YES;
				MACOSX_DEPLOYMENT_TARGET = 10.11;
				MTL_ENABLE_DEBUG_INFO = YES;
				ONLY_ACTIVE_ARCH = YES;
				SDKROOT = macosx;
				SWIFT_ACTIVE_COMPILATION_CONDITIONS = DEBUG;
				SWIFT_OPTIMIZATION_LEVEL = "-Onone";
			};
			name = Debug;
		};
		DDF06ABF1EB42BC80062F343 /* Release */ = {
			isa = XCBuildConfiguration;
			buildSettings = {
				ALWAYS_SEARCH_USER_PATHS = NO;
				CLANG_ANALYZER_NONNULL = YES;
				CLANG_CXX_LANGUAGE_STANDARD = "gnu++0x";
				CLANG_CXX_LIBRARY = "libc++";
				CLANG_ENABLE_MODULES = YES;
				CLANG_ENABLE_OBJC_ARC = YES;
				CLANG_WARN_BOOL_CONVERSION = YES;
				CLANG_WARN_CONSTANT_CONVERSION = YES;
				CLANG_WARN_DIRECT_OBJC_ISA_USAGE = YES_ERROR;
				CLANG_WARN_DOCUMENTATION_COMMENTS = YES;
				CLANG_WARN_EMPTY_BODY = YES;
				CLANG_WARN_ENUM_CONVERSION = YES;
				CLANG_WARN_INFINITE_RECURSION = YES;
				CLANG_WARN_INT_CONVERSION = YES;
				CLANG_WARN_OBJC_ROOT_CLASS = YES_ERROR;
				CLANG_WARN_SUSPICIOUS_MOVE = YES;
				CLANG_WARN_UNREACHABLE_CODE = YES;
				CLANG_WARN__DUPLICATE_METHOD_MATCH = YES;
				CODE_SIGN_IDENTITY = "-";
				COPY_PHASE_STRIP = NO;
				DEBUG_INFORMATION_FORMAT = "dwarf-with-dsym";
				ENABLE_NS_ASSERTIONS = NO;
				ENABLE_STRICT_OBJC_MSGSEND = YES;
				GCC_C_LANGUAGE_STANDARD = gnu99;
				GCC_NO_COMMON_BLOCKS = YES;
				GCC_WARN_64_TO_32_BIT_CONVERSION = YES;
				GCC_WARN_ABOUT_RETURN_TYPE = YES_ERROR;
				GCC_WARN_UNDECLARED_SELECTOR = YES;
				GCC_WARN_UNINITIALIZED_AUTOS = YES_AGGRESSIVE;
				GCC_WARN_UNUSED_FUNCTION = YES;
				GCC_WARN_UNUSED_VARIABLE = YES;
				MACOSX_DEPLOYMENT_TARGET = 10.11;
				MTL_ENABLE_DEBUG_INFO = NO;
				SDKROOT = macosx;
				SWIFT_OPTIMIZATION_LEVEL = "-Owholemodule";
			};
			name = Release;
		};
		DDF06AC11EB42BC80062F343 /* Debug */ = {
			isa = XCBuildConfiguration;
			buildSettings = {
				ASSETCATALOG_COMPILER_APPICON_NAME = AppIcon;
				COMBINE_HIDPI_IMAGES = YES;
				DEVELOPMENT_TEAM = GHZCTHXK8S;
				INFOPLIST_FILE = Selfigramm_server/Info.plist;
				LD_RUNPATH_SEARCH_PATHS = "$(inherited) @executable_path/../Frameworks";
				PRODUCT_BUNDLE_IDENTIFIER = "AC.Selfigramm-server";
				PRODUCT_NAME = "$(TARGET_NAME)";
				SWIFT_VERSION = 3.0;
			};
			name = Debug;
		};
		DDF06AC21EB42BC80062F343 /* Release */ = {
			isa = XCBuildConfiguration;
			buildSettings = {
				ASSETCATALOG_COMPILER_APPICON_NAME = AppIcon;
				COMBINE_HIDPI_IMAGES = YES;
				DEVELOPMENT_TEAM = GHZCTHXK8S;
				INFOPLIST_FILE = Selfigramm_server/Info.plist;
				LD_RUNPATH_SEARCH_PATHS = "$(inherited) @executable_path/../Frameworks";
				PRODUCT_BUNDLE_IDENTIFIER = "AC.Selfigramm-server";
				PRODUCT_NAME = "$(TARGET_NAME)";
				SWIFT_VERSION = 3.0;
			};
			name = Release;
		};
/* End XCBuildConfiguration section */

/* Begin XCConfigurationList section */
		DDF06AAE1EB42BC70062F343 /* Build configuration list for PBXProject "Selfigramm_server" */ = {
			isa = XCConfigurationList;
			buildConfigurations = (
				DDF06ABE1EB42BC80062F343 /* Debug */,
				DDF06ABF1EB42BC80062F343 /* Release */,
			);
			defaultConfigurationIsVisible = 0;
			defaultConfigurationName = Release;
		};
		DDF06AC01EB42BC80062F343 /* Build configuration list for PBXNativeTarget "Selfigramm_server" */ = {
			isa = XCConfigurationList;
			buildConfigurations = (
				DDF06AC11EB42BC80062F343 /* Debug */,
				DDF06AC21EB42BC80062F343 /* Release */,
			);
			defaultConfigurationIsVisible = 0;
		};
/* End XCConfigurationList section */
	};
	rootObject = DDF06AAB1EB42BC70062F343 /* Project object */;
}
